
Microsoft Visual Studio Solution File, Format Version 12.00
# Visual Studio Version 17
VisualStudioVersion = 17.8.34309.116
MinimumVisualStudioVersion = 10.0.40219.1
Project("{FAE04EC0-301F-11D3-BF4B-00C04F79EFBC}") = "Xadrez3", "Xadrez3\Xadrez3.csproj", "{7CE24B7E-C133-46AE-8BF2-E78F56CD4770}"
EndProject
Global
	GlobalSection(SolutionConfigurationPlatforms) = preSolution
		Debug|Any CPU = Debug|Any CPU
		Release|Any CPU = Release|Any CPU
	EndGlobalSection
	GlobalSection(ProjectConfigurationPlatforms) = postSolution
		{7CE24B7E-C133-46AE-8BF2-E78F56CD4770}.Debug|Any CPU.ActiveCfg = Debug|Any CPU
		{7CE24B7E-C133-46AE-8BF2-E78F56CD4770}.Debug|Any CPU.Build.0 = Debug|Any CPU
		{7CE24B7E-C133-46AE-8BF2-E78F56CD4770}.Release|Any CPU.ActiveCfg = Release|Any CPU
		{7CE24B7E-C133-46AE-8BF2-E78F56CD4770}.Release|Any CPU.Build.0 = Release|Any CPU
	EndGlobalSection
	GlobalSection(SolutionProperties) = preSolution
		HideSolutionNode = FALSE
	EndGlobalSection
	GlobalSection(ExtensibilityGlobals) = postSolution
		SolutionGuid = {6D899B37-5430-48DC-8BFF-FEC445A95639}
	EndGlobalSection
EndGlobal
